
Microsoft Visual Studio Solution File, Format Version 12.00
# Visual Studio Version 16
VisualStudioVersion = 16.0.30907.101
MinimumVisualStudioVersion = 10.0.40219.1
Project("{FAE04EC0-301F-11D3-BF4B-00C04F79EFBC}") = "DividersAndPrimes.API", "DividersAndPrimes.API\DividersAndPrimes.API.csproj", "{E0A100EB-AFB4-4EB5-9D46-CE49CB0D513A}"
EndProject
Project("{FAE04EC0-301F-11D3-BF4B-00C04F79EFBC}") = "DividersAndPrimes.Service", "DividersAndPrimes.Service\DividersAndPrimes.Service.csproj", "{6BA138CE-4CA3-4B89-8850-45B018A341BC}"
EndProject
Project("{FAE04EC0-301F-11D3-BF4B-00C04F79EFBC}") = "DividersAndPrimes.Console", "DividersAndPrimes.Console\DividersAndPrimes.Console.csproj", "{CCAD83EE-1E80-41E8-B237-06219EAD689F}"
	ProjectSection(ProjectDependencies) = postProject
		{6BA138CE-4CA3-4B89-8850-45B018A341BC} = {6BA138CE-4CA3-4B89-8850-45B018A341BC}
	EndProjectSection
EndProject
Project("{FAE04EC0-301F-11D3-BF4B-00C04F79EFBC}") = "DividersAndPrimes.Test", "DividersAndPrimes.Test\DividersAndPrimes.Test.csproj", "{10727CDD-9357-4E70-9877-A6C7A6096021}"
	ProjectSection(ProjectDependencies) = postProject
		{CCAD83EE-1E80-41E8-B237-06219EAD689F} = {CCAD83EE-1E80-41E8-B237-06219EAD689F}
	EndProjectSection
EndProject
Global
	GlobalSection(SolutionConfigurationPlatforms) = preSolution
		Debug|Any CPU = Debug|Any CPU
		Release|Any CPU = Release|Any CPU
	EndGlobalSection
	GlobalSection(ProjectConfigurationPlatforms) = postSolution
		{E0A100EB-AFB4-4EB5-9D46-CE49CB0D513A}.Debug|Any CPU.ActiveCfg = Debug|Any CPU
		{E0A100EB-AFB4-4EB5-9D46-CE49CB0D513A}.Debug|Any CPU.Build.0 = Debug|Any CPU
		{E0A100EB-AFB4-4EB5-9D46-CE49CB0D513A}.Release|Any CPU.ActiveCfg = Release|Any CPU
		{E0A100EB-AFB4-4EB5-9D46-CE49CB0D513A}.Release|Any CPU.Build.0 = Release|Any CPU
		{6BA138CE-4CA3-4B89-8850-45B018A341BC}.Debug|Any CPU.ActiveCfg = Debug|Any CPU
		{6BA138CE-4CA3-4B89-8850-45B018A341BC}.Debug|Any CPU.Build.0 = Debug|Any CPU
		{6BA138CE-4CA3-4B89-8850-45B018A341BC}.Release|Any CPU.ActiveCfg = Release|Any CPU
		{6BA138CE-4CA3-4B89-8850-45B018A341BC}.Release|Any CPU.Build.0 = Release|Any CPU
		{CCAD83EE-1E80-41E8-B237-06219EAD689F}.Debug|Any CPU.ActiveCfg = Debug|Any CPU
		{CCAD83EE-1E80-41E8-B237-06219EAD689F}.Debug|Any CPU.Build.0 = Debug|Any CPU
		{CCAD83EE-1E80-41E8-B237-06219EAD689F}.Release|Any CPU.ActiveCfg = Release|Any CPU
		{CCAD83EE-1E80-41E8-B237-06219EAD689F}.Release|Any CPU.Build.0 = Release|Any CPU
		{10727CDD-9357-4E70-9877-A6C7A6096021}.Debug|Any CPU.ActiveCfg = Debug|Any CPU
		{10727CDD-9357-4E70-9877-A6C7A6096021}.Debug|Any CPU.Build.0 = Debug|Any CPU
		{10727CDD-9357-4E70-9877-A6C7A6096021}.Release|Any CPU.ActiveCfg = Release|Any CPU
		{10727CDD-9357-4E70-9877-A6C7A6096021}.Release|Any CPU.Build.0 = Release|Any CPU
	EndGlobalSection
	GlobalSection(SolutionProperties) = preSolution
		HideSolutionNode = FALSE
	EndGlobalSection
	GlobalSection(ExtensibilityGlobals) = postSolution
		SolutionGuid = {AF5545F1-FB20-41E3-9DBC-0BAEE83AC6A0}
	EndGlobalSection
EndGlobal
